{
  "name": "zenn-content",
  "version": "1.0.0",
  "lockfileVersion": 1,
  "requires": true,
  "dependencies": {
    "zenn-cli": {
      "version": "0.1.116",
      "resolved": "https://registry.npmjs.org/zenn-cli/-/zenn-cli-0.1.116.tgz",
      "integrity": "sha512-EvbhNl7G+rIpzh+JWC4FJM3mre+fAJoKFwq7kc7u82hR5QKjwxNfdJN1OMdf1RZrl3+PjUHA4etaAf2fVn/ucQ=="
    }
  }
}
